
Microsoft Visual Studio Solution File, Format Version 12.00
Project("{FAE04EC0-301F-11D3-BF4B-00C04F79EFBC}") = "PetFamily.API", "src\PetFamily.API\PetFamily.API.csproj", "{5CAC5EC0-959B-426F-99F5-65E62D82097C}"
EndProject
Project("{FAE04EC0-301F-11D3-BF4B-00C04F79EFBC}") = "PetFamily.Infrastructure", "src\PetFamily.Infrastructure\PetFamily.Infrastructure.csproj", "{32D3D8F9-1134-482C-BA3A-E50023CE6F43}"
EndProject
Project("{FAE04EC0-301F-11D3-BF4B-00C04F79EFBC}") = "PetFamily.Domain", "src\PetFamily.Domain\PetFamily.Domain.csproj", "{59634F51-F1FD-4AAF-8220-EB4B561F23CB}"
EndProject
Project("{FAE04EC0-301F-11D3-BF4B-00C04F79EFBC}") = "PetFamily.Application", "src\PetFamily.Application\PetFamily.Application.csproj", "{E4050978-95A2-4776-9613-5EC9C0BDC65C}"
EndProject
Project("{2150E333-8FDC-42A3-9474-1A3956D46DE8}") = "Solution Items", "Solution Items", "{0D1D744C-2A1A-4E34-8AB0-208D2C8296DC}"
	ProjectSection(SolutionItems) = preProject
		compose.yaml = compose.yaml
	EndProjectSection
EndProject
Global
	GlobalSection(SolutionConfigurationPlatforms) = preSolution
		Debug|Any CPU = Debug|Any CPU
		Release|Any CPU = Release|Any CPU
	EndGlobalSection
	GlobalSection(ProjectConfigurationPlatforms) = postSolution
		{5CAC5EC0-959B-426F-99F5-65E62D82097C}.Debug|Any CPU.ActiveCfg = Debug|Any CPU
		{5CAC5EC0-959B-426F-99F5-65E62D82097C}.Debug|Any CPU.Build.0 = Debug|Any CPU
		{5CAC5EC0-959B-426F-99F5-65E62D82097C}.Release|Any CPU.ActiveCfg = Release|Any CPU
		{5CAC5EC0-959B-426F-99F5-65E62D82097C}.Release|Any CPU.Build.0 = Release|Any CPU
		{32D3D8F9-1134-482C-BA3A-E50023CE6F43}.Debug|Any CPU.ActiveCfg = Debug|Any CPU
		{32D3D8F9-1134-482C-BA3A-E50023CE6F43}.Debug|Any CPU.Build.0 = Debug|Any CPU
		{32D3D8F9-1134-482C-BA3A-E50023CE6F43}.Release|Any CPU.ActiveCfg = Release|Any CPU
		{32D3D8F9-1134-482C-BA3A-E50023CE6F43}.Release|Any CPU.Build.0 = Release|Any CPU
		{59634F51-F1FD-4AAF-8220-EB4B561F23CB}.Debug|Any CPU.ActiveCfg = Debug|Any CPU
		{59634F51-F1FD-4AAF-8220-EB4B561F23CB}.Debug|Any CPU.Build.0 = Debug|Any CPU
		{59634F51-F1FD-4AAF-8220-EB4B561F23CB}.Release|Any CPU.ActiveCfg = Release|Any CPU
		{59634F51-F1FD-4AAF-8220-EB4B561F23CB}.Release|Any CPU.Build.0 = Release|Any CPU
		{E4050978-95A2-4776-9613-5EC9C0BDC65C}.Debug|Any CPU.ActiveCfg = Debug|Any CPU
		{E4050978-95A2-4776-9613-5EC9C0BDC65C}.Debug|Any CPU.Build.0 = Debug|Any CPU
		{E4050978-95A2-4776-9613-5EC9C0BDC65C}.Release|Any CPU.ActiveCfg = Release|Any CPU
		{E4050978-95A2-4776-9613-5EC9C0BDC65C}.Release|Any CPU.Build.0 = Release|Any CPU
	EndGlobalSection
EndGlobal
